# This file is automatically @generated by Cargo.
# It is not intended for manual editing.
version = 3

[[package]]
name = "bitflags"
version = "2.4.1"
source = "registry+https://github.com/rust-lang/crates.io-index"
checksum = "327762f6e5a765692301e5bb513e0d9fef63be86bbc14528052b1cd3e6f03e07"

[[package]]
name = "cargo-component-bindings"
version = "0.4.0"
source = "registry+https://github.com/rust-lang/crates.io-index"
checksum = "2c93fc8ee50afcd1b61250ede654a5776c58a24a7cf71a899f64f1b5b5be4ab9"
dependencies = [
 "cargo-component-macro",
 "wit-bindgen",
]

[[package]]
name = "cargo-component-macro"
version = "0.4.0"
source = "registry+https://github.com/rust-lang/crates.io-index"
checksum = "0ae9626a6422ce81803eebd1d84fdc03426fe3951fe54f3094d0d2c2a2174727"
dependencies = [
 "proc-macro2",
 "quote",
 "syn",
]

[[package]]
name = "proc-macro2"
version = "1.0.69"
source = "registry+https://github.com/rust-lang/crates.io-index"
checksum = "134c189feb4956b20f6f547d2cf727d4c0fe06722b20a0eec87ed445a97f92da"
dependencies = [
 "unicode-ident",
]

[[package]]
name = "quote"
version = "1.0.33"
source = "registry+https://github.com/rust-lang/crates.io-index"
checksum = "5267fca4496028628a95160fc423a33e8b2e6af8a5302579e322e4b520293cae"
dependencies = [
 "proc-macro2",
]

[[package]]
name = "sqlite"
version = "0.1.0"
dependencies = [
 "cargo-component-bindings",
]

[[package]]
name = "syn"
version = "2.0.39"
source = "registry+https://github.com/rust-lang/crates.io-index"
checksum = "23e78b90f2fcf45d3e842032ce32e3f2d1545ba6636271dcbf24fa306d87be7a"
dependencies = [
 "proc-macro2",
 "quote",
 "unicode-ident",
]

[[package]]
name = "unicode-ident"
version = "1.0.12"
source = "registry+https://github.com/rust-lang/crates.io-index"
checksum = "3354b9ac3fae1ff6755cb6db53683adb661634f67557942dea4facebec0fee4b"

[[package]]
name = "wit-bindgen"
version = "0.13.1"
source = "registry+https://github.com/rust-lang/crates.io-index"
checksum = "38726c54a5d7c03cac28a2a8de1006cfe40397ddf6def3f836189033a413bc08"
dependencies = [
 "bitflags",
]
