
# cargo-vet imports lock

[[publisher.bumpalo]]
version = "3.12.0"
when = "2023-01-17"
user-id = 696
user-login = "fitzgen"
user-name = "Nick Fitzgerald"

[[audits.bytecodealliance.wildcard-audits.bumpalo]]
who = "Nick Fitzgerald <fitzgen@gmail.com>"
criteria = "safe-to-deploy"
user-id = 696 # Nick Fitzgerald (fitzgen)
start = "2019-03-16"
end = "2024-03-10"

[[audits.bytecodealliance.audits.arrayvec]]
who = "Nick Fitzgerald <fitzgen@gmail.com>"
criteria = "safe-to-deploy"
version = "0.7.2"
notes = """
Well documented invariants, good assertions for those invariants in unsafe code,
and tested with MIRI to boot. LGTM.
"""

[[audits.bytecodealliance.audits.atty]]
who = "Alex Crichton <alex@alexcrichton.com>"
criteria = "safe-to-deploy"
version = "0.2.14"
notes = """
Contains only unsafe code for what this crate's purpose is and only accesses
the environment's terminal information when asked. Does its stated purpose and
no more.
"""

[[audits.bytecodealliance.audits.base64]]
who = "Pat Hickey <phickey@fastly.com>"
criteria = "safe-to-deploy"
version = "0.21.0"
notes = "This crate has no dependencies, no build.rs, and contains no unsafe code."

[[audits.bytecodealliance.audits.cap-fs-ext]]
who = "Dan Gohman <dev@sunfishcode.online>"
criteria = "safe-to-deploy"
version = "1.0.1"
notes = "The Bytecode Alliance is the author of this crate"

[[audits.bytecodealliance.audits.cap-fs-ext]]
who = "Pat Hickey <phickey@fastly.com>"
criteria = "safe-to-deploy"
delta = "1.0.1 -> 1.0.5"
notes = "The Bytecode Alliance is the author of this crate."

[[audits.bytecodealliance.audits.cap-primitives]]
who = "Dan Gohman <dev@sunfishcode.online>"
criteria = "safe-to-deploy"
version = "1.0.1"
notes = "The Bytecode Alliance is the author of this crate"

[[audits.bytecodealliance.audits.cap-primitives]]
who = "Pat Hickey <phickey@fastly.com>"
criteria = "safe-to-deploy"
delta = "1.0.1 -> 1.0.5"
notes = "The Bytecode Alliance is the author of this crate."

[[audits.bytecodealliance.audits.cap-std]]
who = "Dan Gohman <dev@sunfishcode.online>"
criteria = "safe-to-deploy"
version = "1.0.1"
notes = "The Bytecode Alliance is the author of this crate"

[[audits.bytecodealliance.audits.cap-std]]
who = "Pat Hickey <phickey@fastly.com>"
criteria = "safe-to-deploy"
delta = "1.0.1 -> 1.0.5"
notes = "The Bytecode Alliance is the author of this crate."

[[audits.bytecodealliance.audits.cap-time-ext]]
who = "Dan Gohman <dev@sunfishcode.online>"
criteria = "safe-to-deploy"
version = "1.0.1"
notes = "The Bytecode Alliance is the author of this crate."

[[audits.bytecodealliance.audits.cap-time-ext]]
who = "Pat Hickey <phickey@fastly.com>"
criteria = "safe-to-deploy"
delta = "1.0.1 -> 1.0.5"
notes = "The Bytecode Alliance is the author of this crate."

[[audits.bytecodealliance.audits.cfg-if]]
who = "Alex Crichton <alex@alexcrichton.com>"
criteria = "safe-to-deploy"
version = "1.0.0"
notes = "I am the author of this crate."

[[audits.bytecodealliance.audits.codespan-reporting]]
who = "Jamey Sharp <jsharp@fastly.com>"
criteria = "safe-to-deploy"
version = "0.11.1"
notes = "This library uses `forbid(unsafe_code)` and has no filesystem or network I/O."

[[audits.bytecodealliance.audits.crypto-common]]
who = "Benjamin Bouvier <public@benj.me>"
criteria = "safe-to-deploy"
version = "0.1.3"

[[audits.bytecodealliance.audits.digest]]
who = "Benjamin Bouvier <public@benj.me>"
criteria = "safe-to-deploy"
delta = "0.9.0 -> 0.10.3"

[[audits.bytecodealliance.audits.fd-lock]]
who = "Pat Hickey <phickey@fastly.com>"
criteria = "safe-to-deploy"
version = "3.0.9"
notes = "This crate uses unsafe to make Windows syscalls, to borrow an Fd with an appropriate lifetime, and to zero a windows API structure that appears to have a valid representation with zeroed memory."

[[audits.bytecodealliance.audits.fd-lock]]
who = "Pat Hickey <phickey@fastly.com>"
criteria = "safe-to-deploy"
delta = "3.0.9 -> 3.0.10"
notes = "Just a dependency version bump"

[[audits.bytecodealliance.audits.form_urlencoded]]
who = "Alex Crichton <alex@alexcrichton.com>"
criteria = "safe-to-deploy"
version = "1.1.0"
notes = """
This is a small crate for working with url-encoded forms which doesn't have any
more than what it says on the tin. Contains one `unsafe` block related to
performance around utf-8 validation which is fairly easy to verify as correct.
"""

[[audits.bytecodealliance.audits.fs-set-times]]
who = "Dan Gohman <dev@sunfishcode.online>"
criteria = "safe-to-deploy"
version = "0.18.0"
notes = "I am the author of this crate."

[[audits.bytecodealliance.audits.fs-set-times]]
who = "Pat Hickey <phickey@fastly.com>"
criteria = "safe-to-deploy"
delta = "0.18.0 -> 0.18.1"
notes = "The Bytecode Alliance is the author of this crate."

[[audits.bytecodealliance.audits.heck]]
who = "Alex Crichton <alex@alexcrichton.com>"
criteria = "safe-to-deploy"
version = "0.4.0"
notes = "Contains `forbid_unsafe` and only uses `std::fmt` from the standard library. Otherwise only contains string manipulation."

[[audits.bytecodealliance.audits.id-arena]]
who = "Nick Fitzgerald <fitzgen@gmail.com>"
criteria = "safe-to-deploy"
version = "2.2.1"
notes = "I am the author of this crate."

[[audits.bytecodealliance.audits.idna]]
who = "Alex Crichton <alex@alexcrichton.com>"
criteria = "safe-to-deploy"
version = "0.3.0"
notes = """
This is a crate without unsafe code or usage of the standard library. The large
size of this crate comes from the large generated unicode tables file. This
crate is broadly used throughout the ecosystem and does not contain anything
suspicious.
"""

[[audits.bytecodealliance.audits.io-extras]]
who = "Dan Gohman <dev@sunfishcode.online>"
criteria = "safe-to-deploy"
version = "0.17.0"
notes = "I am the author of this crate."

[[audits.bytecodealliance.audits.io-extras]]
who = "Pat Hickey <phickey@fastly.com>"
criteria = "safe-to-deploy"
delta = "0.17.0 -> 0.17.2"
notes = "The Bytecode Alliance is the author of this crate."

[[audits.bytecodealliance.audits.leb128]]
who = "Nick Fitzgerald <fitzgen@gmail.com>"
criteria = "safe-to-deploy"
version = "0.2.5"
notes = "I am the author of this crate."

[[audits.bytecodealliance.audits.memfd]]
who = "Dan Gohman <dev@sunfishcode.online>"
criteria = "safe-to-deploy"
version = "0.6.2"
notes = """
The only changes from 0.6.1 were from my own PR which updated memfd to newer
dependencies.
"""

[[audits.bytecodealliance.audits.memoffset]]
who = "Alex Crichton <alex@alexcrichton.com>"
criteria = "safe-to-deploy"
delta = "0.7.1 -> 0.8.0"
notes = "This was a small update to the crate which has to do with Rust language features and compiler versions, no substantial changes."

[[audits.bytecodealliance.audits.peeking_take_while]]
who = "Nick Fitzgerald <fitzgen@gmail.com>"
criteria = "safe-to-deploy"
version = "1.0.0"
notes = "I am the author of this crate."

[[audits.bytecodealliance.audits.percent-encoding]]
who = "Alex Crichton <alex@alexcrichton.com>"
criteria = "safe-to-deploy"
version = "2.2.0"
notes = """
This crate is a single-file crate that does what it says on the tin. There are
a few `unsafe` blocks related to utf-8 validation which are locally verifiable
as correct and otherwise this crate is good to go.
"""

[[audits.bytecodealliance.audits.pulldown-cmark]]
who = "Alex Crichton <alex@alexcrichton.com>"
criteria = "safe-to-deploy"
version = "0.8.0"
notes = """
This crate has `unsafe` blocks and they're all related to SIMD-acceleration and
are otherwise not doing other `unsafe` operations. Additionally the crate does
not do anything other than markdown rendering as is expected.
"""

[[audits.bytecodealliance.audits.regalloc2]]
who = "Jamey Sharp <jsharp@fastly.com>"
criteria = "safe-to-deploy"
delta = "0.3.1 -> 0.3.2"
notes = "The Bytecode Alliance is the author of this crate."

[[audits.bytecodealliance.audits.regalloc2]]
who = "Chris Fallin <chris@cfallin.org>"
criteria = "safe-to-deploy"
delta = "0.3.2 -> 0.4.0"
notes = "The Bytecode Alliance is the author of this crate."

[[audits.bytecodealliance.audits.regalloc2]]
who = "Chris Fallin <chris@cfallin.org>"
criteria = "safe-to-deploy"
delta = "0.4.0 -> 0.4.1"
notes = "The Bytecode Alliance is the author of this crate."

[[audits.bytecodealliance.audits.regalloc2]]
who = "Nick Fitzgerald <fitzgen@gmail.com>"
criteria = "safe-to-deploy"
delta = "0.4.1 -> 0.4.2"
notes = "The Bytecode Alliance is the author of this crate."

[[audits.bytecodealliance.audits.regalloc2]]
who = "Trevor Elliott <telliott@fastly.com>"
criteria = "safe-to-deploy"
delta = "0.4.2 -> 0.5.0"
notes = "The Bytecode Alliance is the author of this crate."

[[audits.bytecodealliance.audits.regalloc2]]
who = "Trevor Elliott <telliott@fastly.com>"
criteria = "safe-to-deploy"
delta = "0.5.0 -> 0.5.1"
notes = "The Bytecode Alliance is the author of this crate."

[[audits.bytecodealliance.audits.rustc-demangle]]
who = "Alex Crichton <alex@alexcrichton.com>"
criteria = "safe-to-deploy"
version = "0.1.21"
notes = "I am the author of this crate."

[[audits.bytecodealliance.audits.sha2]]
who = "Benjamin Bouvier <public@benj.me>"
criteria = "safe-to-deploy"
delta = "0.9.9 -> 0.10.2"
notes = "This upgrade is mostly a code refactor, as far as I can tell. No new uses of unsafe nor any new ambient capabilities usage."

[[audits.bytecodealliance.audits.system-interface]]
who = "Dan Gohman <dev@sunfishcode.online>"
criteria = "safe-to-deploy"
version = "0.25.0"
notes = "The Bytecode Alliance is the author of this crate."

[[audits.bytecodealliance.audits.system-interface]]
who = "Pat Hickey <phickey@fastly.com>"
criteria = "safe-to-deploy"
delta = "0.25.0 -> 0.25.4"
notes = "The Bytecode Alliance is the author of this crate."

[[audits.bytecodealliance.audits.tinyvec]]
who = "Alex Crichton <alex@alexcrichton.com>"
criteria = "safe-to-deploy"
version = "1.6.0"
notes = """
This crate, while it implements collections, does so without `std::*` APIs and
without `unsafe`. Skimming the crate everything looks reasonable and what one
would expect from idiomatic safe collections in Rust.
"""

[[audits.bytecodealliance.audits.unicase]]
who = "Alex Crichton <alex@alexcrichton.com>"
criteria = "safe-to-deploy"
version = "2.6.0"
notes = """
This crate contains no `unsafe` code and no unnecessary use of the standard
library.
"""

[[audits.bytecodealliance.audits.unicode-normalization]]
who = "Alex Crichton <alex@alexcrichton.com>"
criteria = "safe-to-deploy"
version = "0.1.19"
notes = """
This crate contains one usage of `unsafe` which I have manually checked to see
it as correct. This crate's size comes in large part due to the generated
unicode tables that it contains. This crate is additionally widely used
throughout the ecosystem and skimming the crate shows no usage of `std::*` APIs
and nothing suspicious.
"""

[[audits.bytecodealliance.audits.url]]
who = "Alex Crichton <alex@alexcrichton.com>"
criteria = "safe-to-deploy"
version = "2.3.1"
notes = """
This crate contains no `unsafe` code and otherwise doesn't use any functionality
it's not supposed to from `std` or such. This crate is the defacto standard for
URL parsing in the Rust community with widespread usage to battle-test, harden,
and suss out bugs. I've historically reviewed this crate in the past and it
is similar to what it once was back then. Skimming over the crate there is
nothing suspicious and it's everything you'd expect a Rust URL parser to be.
"""

[[audits.bytecodealliance.audits.wasm-encoder]]
who = "Alex Crichton <alex@alexcrichton.com>"
criteria = "safe-to-deploy"
version = "0.25.0"
notes = "The Bytecode Alliance is the author of this crate."

[[audits.bytecodealliance.audits.wasmparser]]
who = "Alex Crichton <alex@alexcrichton.com>"
criteria = "safe-to-deploy"
version = "0.96.0"
notes = "The Bytecode Alliance is the author of this crate."

[[audits.bytecodealliance.audits.wast]]
who = "Alex Crichton <alex@alexcrichton.com>"
criteria = "safe-to-deploy"
version = "35.0.2"
notes = "The Bytecode Alliance is the author of this crate."

[[audits.bytecodealliance.audits.wast]]
who = "Alex Crichton <alex@alexcrichton.com>"
criteria = "safe-to-deploy"
version = "55.0.0"
notes = "The Bytecode Alliance is the author of this crate."

[[audits.bytecodealliance.audits.wat]]
who = "Alex Crichton <alex@alexcrichton.com>"
criteria = "safe-to-deploy"
version = "1.0.61"
notes = "The Bytecode Alliance is the author of this crate."

[[audits.bytecodealliance.audits.windows-sys]]
who = "Dan Gohman <dev@sunfishcode.online>"
criteria = "safe-to-deploy"
version = "0.42.0"
notes = "This is a Windows API bindings library maintained by Microsoft themselves."

[[audits.bytecodealliance.audits.windows-sys]]
who = "Pat Hickey <phickey@fastly.com>"
criteria = "safe-to-deploy"
delta = "0.42.0 -> 0.45.0"
notes = "This is a Windows API bindings library maintained by Microsoft themselves."

[[audits.bytecodealliance.audits.windows-targets]]
who = "Pat Hickey <phickey@fastly.com>"
criteria = "safe-to-deploy"
version = "0.42.1"
notes = "This is a Windows API bindings library maintained by Microsoft themselves. Additionally, this particular crate is empty and just collects a bunch of dependencies, which are not exported, so I don't understand why it exists at all."

[[audits.bytecodealliance.audits.windows_aarch64_gnullvm]]
who = "Dan Gohman <dev@sunfishcode.online>"
criteria = "safe-to-deploy"
version = "0.42.0"
notes = "This is a Windows API bindings library maintained by Microsoft themselves."

[[audits.bytecodealliance.audits.windows_aarch64_gnullvm]]
who = "Pat Hickey <phickey@fastly.com>"
criteria = "safe-to-deploy"
delta = "0.42.0 -> 0.42.1"
notes = "This is a Windows API bindings library maintained by Microsoft themselves. The diff is just adding license files."

[[audits.bytecodealliance.audits.windows_aarch64_msvc]]
who = "Dan Gohman <dev@sunfishcode.online>"
criteria = "safe-to-deploy"
version = "0.42.0"
notes = "This is a Windows API bindings library maintained by Microsoft themselves."

[[audits.bytecodealliance.audits.windows_aarch64_msvc]]
who = "Pat Hickey <phickey@fastly.com>"
criteria = "safe-to-deploy"
delta = "0.42.0 -> 0.42.1"
notes = "This is a Windows API bindings library maintained by Microsoft themselves. The diff is just adding license files."

[[audits.bytecodealliance.audits.windows_i686_gnu]]
who = "Dan Gohman <dev@sunfishcode.online>"
criteria = "safe-to-deploy"
version = "0.42.0"
notes = "This is a Windows API bindings library maintained by Microsoft themselves."

[[audits.bytecodealliance.audits.windows_i686_gnu]]
who = "Pat Hickey <phickey@fastly.com>"
criteria = "safe-to-deploy"
delta = "0.42.0 -> 0.42.1"
notes = "This is a Windows API bindings library maintained by Microsoft themselves. The diff is just adding license files."

[[audits.bytecodealliance.audits.windows_i686_msvc]]
who = "Dan Gohman <dev@sunfishcode.online>"
criteria = "safe-to-deploy"
version = "0.42.0"
notes = "This is a Windows API bindings library maintained by Microsoft themselves."

[[audits.bytecodealliance.audits.windows_i686_msvc]]
who = "Pat Hickey <phickey@fastly.com>"
criteria = "safe-to-deploy"
delta = "0.42.0 -> 0.42.1"
notes = "This is a Windows API bindings library maintained by Microsoft themselves. The diff is just adding license files."

[[audits.bytecodealliance.audits.windows_x86_64_gnu]]
who = "Dan Gohman <dev@sunfishcode.online>"
criteria = "safe-to-deploy"
version = "0.42.0"
notes = "This is a Windows API bindings library maintained by Microsoft themselves."

[[audits.bytecodealliance.audits.windows_x86_64_gnu]]
who = "Pat Hickey <phickey@fastly.com>"
criteria = "safe-to-deploy"
delta = "0.42.0 -> 0.42.1"
notes = "This is a Windows API bindings library maintained by Microsoft themselves. The diff is just adding license files."

[[audits.bytecodealliance.audits.windows_x86_64_gnullvm]]
who = "Dan Gohman <dev@sunfishcode.online>"
criteria = "safe-to-deploy"
version = "0.42.0"
notes = "This is a Windows API bindings library maintained by Microsoft themselves."

[[audits.bytecodealliance.audits.windows_x86_64_gnullvm]]
who = "Pat Hickey <phickey@fastly.com>"
criteria = "safe-to-deploy"
delta = "0.42.0 -> 0.42.1"
notes = "This is a Windows API bindings library maintained by Microsoft themselves. The diff is just adding license files."

[[audits.bytecodealliance.audits.windows_x86_64_msvc]]
who = "Dan Gohman <dev@sunfishcode.online>"
criteria = "safe-to-deploy"
version = "0.42.0"
notes = "This is a Windows API bindings library maintained by Microsoft themselves."

[[audits.bytecodealliance.audits.windows_x86_64_msvc]]
who = "Pat Hickey <phickey@fastly.com>"
criteria = "safe-to-deploy"
delta = "0.42.0 -> 0.42.1"
notes = "This is a Windows API bindings library maintained by Microsoft themselves. The diff is just adding license files."

[[audits.bytecodealliance.audits.winx]]
who = "Dan Gohman <dev@sunfishcode.online>"
criteria = "safe-to-deploy"
version = "0.34.0"
notes = "I am the author of this crate."

[[audits.bytecodealliance.audits.winx]]
who = "Pat Hickey <phickey@fastly.com>"
criteria = "safe-to-deploy"
delta = "0.34.0 -> 0.35.0"
notes = "Dan Gohman, a Bytecode Alliance core contributor, is the author of this crate."

[[audits.bytecodealliance.audits.wit-parser]]
who = "Alex Crichton <alex@alexcrichton.com>"
criteria = "safe-to-deploy"
version = "0.3.1"
notes = "The Bytecode Alliance is the author of this crate."

[[audits.chromeos.audits.clap]]
who = "George Burgess IV <gbiv@google.com>"
criteria = "safe-to-run"
version = "2.34.0"

[[audits.chromeos.audits.cmake]]
who = "George Burgess IV <gbiv@google.com>"
criteria = "safe-to-deploy"
version = "0.1.49"

[[audits.chromeos.audits.fastrand]]
who = "George Burgess IV <gbiv@google.com>"
criteria = "safe-to-deploy"
version = "1.9.0"
notes = """
`does-not-implement-crypto` is certified because this crate explicitly says
that the RNG here is not cryptographically secure.
"""

[[audits.chromeos.audits.textwrap]]
who = "Android Legacy"
criteria = "safe-to-run"
version = "0.11.0"

[[audits.chromeos.audits.version_check]]
who = "George Burgess IV <gbiv@google.com>"
criteria = "safe-to-deploy"
version = "0.9.4"

[[audits.embark-studios.audits.anyhow]]
who = "Johan Andersson <opensource@embark-studios.com>"
criteria = "safe-to-deploy"
version = "1.0.58"

[[audits.isrg.audits.block-buffer]]
who = "David Cook <dcook@divviup.org>"
criteria = "safe-to-deploy"
version = "0.9.0"

[[audits.isrg.audits.opaque-debug]]
who = "David Cook <dcook@divviup.org>"
criteria = "safe-to-deploy"
version = "0.3.0"

[[audits.isrg.audits.rayon]]
who = "Brandon Pitman <bran@bran.land>"
criteria = "safe-to-deploy"
delta = "1.6.1 -> 1.7.0"

[[audits.isrg.audits.rayon-core]]
who = "Brandon Pitman <bran@bran.land>"
criteria = "safe-to-deploy"
delta = "1.10.2 -> 1.11.0"

[[audits.isrg.audits.serde]]
who = "David Cook <dcook@divviup.org>"
criteria = "safe-to-deploy"
delta = "1.0.152 -> 1.0.153"

[[audits.isrg.audits.serde]]
who = "David Cook <dcook@divviup.org>"
criteria = "safe-to-deploy"
delta = "1.0.153 -> 1.0.154"

[[audits.isrg.audits.serde_derive]]
who = "David Cook <dcook@divviup.org>"
criteria = "safe-to-deploy"
delta = "1.0.152 -> 1.0.153"

[[audits.isrg.audits.serde_derive]]
who = "David Cook <dcook@divviup.org>"
criteria = "safe-to-deploy"
delta = "1.0.153 -> 1.0.154"

[[audits.isrg.audits.serde_json]]
who = "Brandon Pitman <bran@bran.land>"
criteria = "safe-to-deploy"
delta = "1.0.93 -> 1.0.94"

[[audits.isrg.audits.thiserror]]
who = "Brandon Pitman <bran@bran.land>"
criteria = "safe-to-deploy"
delta = "1.0.38 -> 1.0.39"

[[audits.isrg.audits.thiserror-impl]]
who = "Brandon Pitman <bran@bran.land>"
criteria = "safe-to-deploy"
delta = "1.0.38 -> 1.0.39"

[[audits.isrg.audits.untrusted]]
who = "David Cook <dcook@divviup.org>"
criteria = "safe-to-deploy"
version = "0.7.1"

[[audits.mozilla.audits.android_system_properties]]
who = "Nicolas Silva <nical@fastmail.com>"
criteria = "safe-to-deploy"
version = "0.1.2"
notes = "I wrote this crate, reviewed by jimb. It is mostly a Rust port of some C++ code we already ship."
aggregated-from = "https://hg.mozilla.org/mozilla-central/raw-file/tip/supply-chain/audits.toml"

[[audits.mozilla.audits.android_system_properties]]
who = "Mike Hommey <mh+mozilla@glandium.org>"
criteria = "safe-to-deploy"
delta = "0.1.2 -> 0.1.4"
aggregated-from = "https://hg.mozilla.org/mozilla-central/raw-file/tip/supply-chain/audits.toml"

[[audits.mozilla.audits.android_system_properties]]
who = "Mike Hommey <mh+mozilla@glandium.org>"
criteria = "safe-to-deploy"
delta = "0.1.4 -> 0.1.5"
aggregated-from = "https://hg.mozilla.org/mozilla-central/raw-file/tip/supply-chain/audits.toml"

[[audits.mozilla.audits.anyhow]]
who = "Mike Hommey <mh+mozilla@glandium.org>"
criteria = "safe-to-deploy"
delta = "1.0.57 -> 1.0.61"
aggregated-from = "https://hg.mozilla.org/mozilla-central/raw-file/tip/supply-chain/audits.toml"

[[audits.mozilla.audits.anyhow]]
who = "Bobby Holley <bobbyholley@gmail.com>"
criteria = "safe-to-deploy"
delta = "1.0.58 -> 1.0.57"
notes = "No functional differences, just CI config and docs."
aggregated-from = "https://hg.mozilla.org/mozilla-central/raw-file/tip/supply-chain/audits.toml"

[[audits.mozilla.audits.anyhow]]
who = "Mike Hommey <mh+mozilla@glandium.org>"
criteria = "safe-to-deploy"
delta = "1.0.61 -> 1.0.62"
aggregated-from = "https://hg.mozilla.org/mozilla-central/raw-file/tip/supply-chain/audits.toml"

[[audits.mozilla.audits.anyhow]]
who = "Mike Hommey <mh+mozilla@glandium.org>"
criteria = "safe-to-deploy"
delta = "1.0.62 -> 1.0.68"
aggregated-from = "https://hg.mozilla.org/mozilla-central/raw-file/tip/supply-chain/audits.toml"

[[audits.mozilla.audits.anyhow]]
who = "Mike Hommey <mh+mozilla@glandium.org>"
criteria = "safe-to-deploy"
delta = "1.0.68 -> 1.0.69"
aggregated-from = "https://hg.mozilla.org/mozilla-central/raw-file/tip/supply-chain/audits.toml"

[[audits.mozilla.audits.autocfg]]
who = "Josh Stone <jistone@redhat.com>"
criteria = "safe-to-deploy"
version = "1.1.0"
notes = "All code written or reviewed by Josh Stone."
aggregated-from = "https://hg.mozilla.org/mozilla-central/raw-file/tip/supply-chain/audits.toml"

[[audits.mozilla.audits.base64]]
who = "Mike Hommey <mh+mozilla@glandium.org>"
criteria = "safe-to-deploy"
delta = "0.13.0 -> 0.13.1"
aggregated-from = "https://hg.mozilla.org/mozilla-central/raw-file/tip/supply-chain/audits.toml"

[[audits.mozilla.audits.bindgen]]
who = "Emilio Cobos Álvarez <emilio@crisal.io>"
criteria = "safe-to-deploy"
version = "0.59.2"
notes = "I'm the primary author and maintainer of the crate."
aggregated-from = "https://hg.mozilla.org/mozilla-central/raw-file/tip/supply-chain/audits.toml"

[[audits.mozilla.audits.clang-sys]]
who = "Mike Hommey <mh+mozilla@glandium.org>"
criteria = "safe-to-deploy"
delta = "1.4.0 -> 1.6.0"
aggregated-from = "https://hg.mozilla.org/mozilla-central/raw-file/tip/supply-chain/audits.toml"

[[audits.mozilla.audits.crossbeam-queue]]
who = "Matthew Gregan <kinetik@flim.org>"
criteria = "safe-to-deploy"
version = "0.3.8"
aggregated-from = "https://hg.mozilla.org/mozilla-central/raw-file/tip/supply-chain/audits.toml"

[[audits.mozilla.audits.crypto-common]]
who = "Mike Hommey <mh+mozilla@glandium.org>"
criteria = "safe-to-deploy"
delta = "0.1.3 -> 0.1.6"
aggregated-from = "https://hg.mozilla.org/mozilla-central/raw-file/tip/supply-chain/audits.toml"

[[audits.mozilla.audits.digest]]
who = "Mike Hommey <mh+mozilla@glandium.org>"
criteria = "safe-to-deploy"
delta = "0.10.3 -> 0.10.6"
aggregated-from = "https://hg.mozilla.org/mozilla-central/raw-file/tip/supply-chain/audits.toml"

[[audits.mozilla.audits.doc-comment]]
who = "Nika Layzell <nika@thelayzells.com>"
criteria = "safe-to-deploy"
version = "0.3.3"
notes = """
Trivial macro crate implementing a trick for expanding macros within doc
comments on older versions of rustc.
"""
aggregated-from = "https://raw.githubusercontent.com/mozilla/cargo-vet/main/supply-chain/audits.toml"

[[audits.mozilla.audits.either]]
who = "Nika Layzell <nika@thelayzells.com>"
criteria = "safe-to-deploy"
version = "1.6.1"
notes = """
Straightforward crate providing the Either enum and trait implementations with
no unsafe code.
"""
aggregated-from = "https://raw.githubusercontent.com/mozilla/cargo-vet/main/supply-chain/audits.toml"

[[audits.mozilla.audits.either]]
who = "Mike Hommey <mh+mozilla@glandium.org>"
criteria = "safe-to-deploy"
delta = "1.6.1 -> 1.7.0"
aggregated-from = "https://hg.mozilla.org/mozilla-central/raw-file/tip/supply-chain/audits.toml"

[[audits.mozilla.audits.either]]
who = "Mike Hommey <mh+mozilla@glandium.org>"
criteria = "safe-to-deploy"
delta = "1.7.0 -> 1.8.0"
aggregated-from = "https://hg.mozilla.org/mozilla-central/raw-file/tip/supply-chain/audits.toml"

[[audits.mozilla.audits.either]]
who = "Mike Hommey <mh+mozilla@glandium.org>"
criteria = "safe-to-deploy"
delta = "1.8.0 -> 1.8.1"
aggregated-from = "https://hg.mozilla.org/mozilla-central/raw-file/tip/supply-chain/audits.toml"

[[audits.mozilla.audits.encoding_rs]]
who = "Henri Sivonen <hsivonen@hsivonen.fi>"
criteria = "safe-to-deploy"
version = "0.8.31"
notes = "I, Henri Sivonen, wrote encoding_rs for Gecko and have reviewed contributions by others. There are two caveats to the certification: 1) The crate does things that are documented to be UB but that do not appear to actually be UB due to integer types differing from the general rule; https://github.com/hsivonen/encoding_rs/issues/79 . 2) It would be prudent to re-review the code that reinterprets buffers of integers as SIMD vectors; see https://github.com/hsivonen/encoding_rs/issues/87 ."
aggregated-from = "https://hg.mozilla.org/mozilla-central/raw-file/tip/supply-chain/audits.toml"

[[audits.mozilla.audits.encoding_rs]]
who = "Mike Hommey <mh+mozilla@glandium.org>"
criteria = "safe-to-deploy"
delta = "0.8.31 -> 0.8.32"
aggregated-from = "https://hg.mozilla.org/mozilla-central/raw-file/tip/supply-chain/audits.toml"

[[audits.mozilla.audits.env_logger]]
who = "Nicolas Silva <nical@fastmail.com>"
criteria = "safe-to-deploy"
delta = "0.9.3 -> 0.10.0"
aggregated-from = "https://hg.mozilla.org/mozilla-central/raw-file/tip/supply-chain/audits.toml"

[[audits.mozilla.audits.flate2]]
who = "Mike Hommey <mh+mozilla@glandium.org>"
criteria = "safe-to-deploy"
delta = "1.0.24 -> 1.0.25"
aggregated-from = "https://hg.mozilla.org/mozilla-central/raw-file/tip/supply-chain/audits.toml"

[[audits.mozilla.audits.fnv]]
who = "Bobby Holley <bobbyholley@gmail.com>"
criteria = "safe-to-deploy"
version = "1.0.7"
notes = "Simple hasher implementation with no unsafe code."
aggregated-from = "https://hg.mozilla.org/mozilla-central/raw-file/tip/supply-chain/audits.toml"

[[audits.mozilla.audits.fxhash]]
who = "Bobby Holley <bobbyholley@gmail.com>"
criteria = "safe-to-deploy"
version = "0.2.1"
notes = "Straightforward crate with no unsafe code, does what it says on the tin."
aggregated-from = "https://hg.mozilla.org/mozilla-central/raw-file/tip/supply-chain/audits.toml"

[[audits.mozilla.audits.getrandom]]
who = "Mike Hommey <mh+mozilla@glandium.org>"
criteria = "safe-to-deploy"
delta = "0.2.7 -> 0.2.8"
aggregated-from = "https://hg.mozilla.org/mozilla-central/raw-file/tip/supply-chain/audits.toml"

[[audits.mozilla.audits.half]]
who = "John M. Schanck <jschanck@mozilla.com>"
criteria = "safe-to-deploy"
version = "1.8.2"
notes = """
This crate contains unsafe code for bitwise casts to/from binary16 floating-point
format. I've reviewed these and found no issues. There are no uses of ambient
capabilities.
"""
aggregated-from = "https://hg.mozilla.org/mozilla-central/raw-file/tip/supply-chain/audits.toml"

[[audits.mozilla.audits.hashbrown]]
who = "Mike Hommey <mh+mozilla@glandium.org>"
criteria = "safe-to-deploy"
version = "0.12.3"
notes = "This version is used in rust's libstd, so effectively we're already trusting it"
aggregated-from = "https://hg.mozilla.org/mozilla-central/raw-file/tip/supply-chain/audits.toml"

[[audits.mozilla.audits.heck]]
who = "Mike Hommey <mh+mozilla@glandium.org>"
criteria = "safe-to-deploy"
delta = "0.4.0 -> 0.4.1"
aggregated-from = "https://hg.mozilla.org/mozilla-central/raw-file/tip/supply-chain/audits.toml"

[[audits.mozilla.audits.hermit-abi]]
who = "Mike Hommey <mh+mozilla@glandium.org>"
criteria = "safe-to-deploy"
delta = "0.1.19 -> 0.2.6"
aggregated-from = "https://hg.mozilla.org/mozilla-central/raw-file/tip/supply-chain/audits.toml"

[[audits.mozilla.audits.hex]]
who = "Simon Friedberger <simon@mozilla.com>"
criteria = "safe-to-deploy"
version = "0.4.3"
aggregated-from = "https://hg.mozilla.org/mozilla-central/raw-file/tip/supply-chain/audits.toml"

[[audits.mozilla.audits.indexmap]]
who = "Mike Hommey <mh+mozilla@glandium.org>"
criteria = "safe-to-deploy"
delta = "1.9.1 -> 1.9.2"
aggregated-from = "https://hg.mozilla.org/mozilla-central/raw-file/tip/supply-chain/audits.toml"

[[audits.mozilla.audits.lazy_static]]
who = "Nika Layzell <nika@thelayzells.com>"
criteria = "safe-to-deploy"
version = "1.4.0"
notes = "I have read over the macros, and audited the unsafe code."
aggregated-from = "https://raw.githubusercontent.com/mozilla/cargo-vet/main/supply-chain/audits.toml"

[[audits.mozilla.audits.log]]
who = "Mike Hommey <mh+mozilla@glandium.org>"
criteria = "safe-to-deploy"
version = "0.4.17"
aggregated-from = "https://hg.mozilla.org/mozilla-central/raw-file/tip/supply-chain/audits.toml"

[[audits.mozilla.audits.memoffset]]
who = "Gabriele Svelto <gsvelto@mozilla.com>"
criteria = "safe-to-deploy"
delta = "0.6.5 -> 0.7.1"
aggregated-from = "https://hg.mozilla.org/mozilla-central/raw-file/tip/supply-chain/audits.toml"

[[audits.mozilla.audits.num-bigint]]
who = "Josh Stone <jistone@redhat.com>"
criteria = "safe-to-deploy"
version = "0.4.3"
notes = "All code written or reviewed by Josh Stone."
aggregated-from = "https://hg.mozilla.org/mozilla-central/raw-file/tip/supply-chain/audits.toml"

[[audits.mozilla.audits.num-integer]]
who = "Josh Stone <jistone@redhat.com>"
criteria = "safe-to-deploy"
version = "0.1.45"
notes = "All code written or reviewed by Josh Stone."
aggregated-from = "https://hg.mozilla.org/mozilla-central/raw-file/tip/supply-chain/audits.toml"

[[audits.mozilla.audits.num-traits]]
who = "Josh Stone <jistone@redhat.com>"
criteria = "safe-to-deploy"
version = "0.2.15"
notes = "All code written or reviewed by Josh Stone."
aggregated-from = "https://hg.mozilla.org/mozilla-central/raw-file/tip/supply-chain/audits.toml"

[[audits.mozilla.audits.once_cell]]
who = "Mike Hommey <mh+mozilla@glandium.org>"
criteria = "safe-to-deploy"
delta = "1.12.0 -> 1.13.1"
aggregated-from = "https://hg.mozilla.org/mozilla-central/raw-file/tip/supply-chain/audits.toml"

[[audits.mozilla.audits.once_cell]]
who = "Mike Hommey <mh+mozilla@glandium.org>"
criteria = "safe-to-deploy"
delta = "1.13.1 -> 1.16.0"
aggregated-from = "https://hg.mozilla.org/mozilla-central/raw-file/tip/supply-chain/audits.toml"

[[audits.mozilla.audits.once_cell]]
who = "Mike Hommey <mh+mozilla@glandium.org>"
criteria = "safe-to-deploy"
delta = "1.16.0 -> 1.17.1"
aggregated-from = "https://hg.mozilla.org/mozilla-central/raw-file/tip/supply-chain/audits.toml"

[[audits.mozilla.audits.os_str_bytes]]
who = "Mike Hommey <mh+mozilla@glandium.org>"
criteria = "safe-to-deploy"
delta = "6.3.0 -> 6.4.1"
aggregated-from = "https://hg.mozilla.org/mozilla-central/raw-file/tip/supply-chain/audits.toml"

[[audits.mozilla.audits.peeking_take_while]]
who = "Bobby Holley <bobbyholley@gmail.com>"
criteria = "safe-to-deploy"
delta = "1.0.0 -> 0.1.2"
notes = "Small refactor of some simple iterator logic, no unsafe code or capabilities."
aggregated-from = "https://hg.mozilla.org/mozilla-central/raw-file/tip/supply-chain/audits.toml"

[[audits.mozilla.audits.pkg-config]]
who = "Mike Hommey <mh+mozilla@glandium.org>"
criteria = "safe-to-deploy"
delta = "0.3.25 -> 0.3.26"
aggregated-from = "https://hg.mozilla.org/mozilla-central/raw-file/tip/supply-chain/audits.toml"

[[audits.mozilla.audits.ppv-lite86]]
who = "Mike Hommey <mh+mozilla@glandium.org>"
criteria = "safe-to-deploy"
delta = "0.2.16 -> 0.2.17"
aggregated-from = "https://hg.mozilla.org/mozilla-central/raw-file/tip/supply-chain/audits.toml"

[[audits.mozilla.audits.proc-macro-hack]]
who = "Mike Hommey <mh+mozilla@glandium.org>"
criteria = "safe-to-deploy"
delta = "0.5.19 -> 0.5.20+deprecated"
aggregated-from = "https://hg.mozilla.org/mozilla-central/raw-file/tip/supply-chain/audits.toml"

[[audits.mozilla.audits.rayon]]
who = "Josh Stone <jistone@redhat.com>"
criteria = "safe-to-deploy"
version = "1.5.3"
notes = "All code written or reviewed by Josh Stone or Niko Matsakis."
aggregated-from = "https://hg.mozilla.org/mozilla-central/raw-file/tip/supply-chain/audits.toml"

[[audits.mozilla.audits.rayon]]
who = "Mike Hommey <mh+mozilla@glandium.org>"
criteria = "safe-to-deploy"
delta = "1.5.3 -> 1.6.1"
aggregated-from = "https://hg.mozilla.org/mozilla-central/raw-file/tip/supply-chain/audits.toml"

[[audits.mozilla.audits.rayon-core]]
who = "Josh Stone <jistone@redhat.com>"
criteria = "safe-to-deploy"
version = "1.9.3"
notes = "All code written or reviewed by Josh Stone or Niko Matsakis."
aggregated-from = "https://hg.mozilla.org/mozilla-central/raw-file/tip/supply-chain/audits.toml"

[[audits.mozilla.audits.rayon-core]]
who = "Mike Hommey <mh+mozilla@glandium.org>"
criteria = "safe-to-deploy"
delta = "1.9.3 -> 1.10.1"
aggregated-from = "https://hg.mozilla.org/mozilla-central/raw-file/tip/supply-chain/audits.toml"

[[audits.mozilla.audits.rayon-core]]
who = "Mike Hommey <mh+mozilla@glandium.org>"
criteria = "safe-to-deploy"
delta = "1.10.1 -> 1.10.2"
aggregated-from = "https://hg.mozilla.org/mozilla-central/raw-file/tip/supply-chain/audits.toml"

[[audits.mozilla.audits.regex-syntax]]
who = "Mike Hommey <mh+mozilla@glandium.org>"
criteria = "safe-to-deploy"
delta = "0.6.27 -> 0.6.28"
aggregated-from = "https://hg.mozilla.org/mozilla-central/raw-file/tip/supply-chain/audits.toml"

[[audits.mozilla.audits.rust_decimal]]
who = "Mike Hommey <mh+mozilla@glandium.org>"
criteria = "safe-to-deploy"
delta = "1.24.0 -> 1.25.0"
aggregated-from = "https://hg.mozilla.org/mozilla-central/raw-file/tip/supply-chain/audits.toml"

[[audits.mozilla.audits.rust_decimal]]
who = "Mike Hommey <mh+mozilla@glandium.org>"
criteria = "safe-to-deploy"
delta = "1.25.0 -> 1.26.1"
aggregated-from = "https://hg.mozilla.org/mozilla-central/raw-file/tip/supply-chain/audits.toml"

[[audits.mozilla.audits.rust_decimal]]
who = "Mike Hommey <mh+mozilla@glandium.org>"
criteria = "safe-to-deploy"
delta = "1.26.1 -> 1.27.0"
aggregated-from = "https://hg.mozilla.org/mozilla-central/raw-file/tip/supply-chain/audits.toml"

[[audits.mozilla.audits.rust_decimal]]
who = "Mike Hommey <mh+mozilla@glandium.org>"
criteria = "safe-to-deploy"
delta = "1.27.0 -> 1.28.1"
aggregated-from = "https://hg.mozilla.org/mozilla-central/raw-file/tip/supply-chain/audits.toml"

[[audits.mozilla.audits.rustc-hash]]
who = "Bobby Holley <bobbyholley@gmail.com>"
criteria = "safe-to-deploy"
version = "1.1.0"
notes = "Straightforward crate with no unsafe code, does what it says on the tin."
aggregated-from = "https://hg.mozilla.org/mozilla-central/raw-file/tip/supply-chain/audits.toml"

[[audits.mozilla.audits.serde_cbor]]
who = "R. Martinho Fernandes <bugs@rmf.io>"
criteria = "safe-to-deploy"
version = "0.11.1"
aggregated-from = "https://hg.mozilla.org/mozilla-central/raw-file/tip/supply-chain/audits.toml"

[[audits.mozilla.audits.serde_cbor]]
who = "John M. Schanck <jschanck@mozilla.com>"
criteria = "safe-to-deploy"
delta = "0.11.1 -> 0.11.2"
aggregated-from = "https://hg.mozilla.org/mozilla-central/raw-file/tip/supply-chain/audits.toml"

[[audits.mozilla.audits.serde_json]]
who = "Mike Hommey <mh+mozilla@glandium.org>"
criteria = "safe-to-deploy"
delta = "1.0.91 -> 1.0.93"
aggregated-from = "https://hg.mozilla.org/mozilla-central/raw-file/tip/supply-chain/audits.toml"

[[audits.mozilla.audits.sha2]]
who = "Mike Hommey <mh+mozilla@glandium.org>"
criteria = "safe-to-deploy"
delta = "0.10.2 -> 0.10.6"
aggregated-from = "https://hg.mozilla.org/mozilla-central/raw-file/tip/supply-chain/audits.toml"

[[audits.mozilla.audits.slab]]
who = "Mike Hommey <mh+mozilla@glandium.org>"
criteria = "safe-to-deploy"
delta = "0.4.7 -> 0.4.8"
aggregated-from = "https://hg.mozilla.org/mozilla-central/raw-file/tip/supply-chain/audits.toml"

[[audits.mozilla.audits.synstructure]]
who = "Nika Layzell <nika@thelayzells.com>"
criteria = "safe-to-deploy"
version = "0.12.6"
notes = """
I am the primary author of the `synstructure` crate, and its current
maintainer. The one use of `unsafe` is unnecessary, but documented and
harmless. It will be removed in the next version.
"""
aggregated-from = "https://hg.mozilla.org/mozilla-central/raw-file/tip/supply-chain/audits.toml"

[[audits.mozilla.audits.time]]
who = "Mike Hommey <mh+mozilla@glandium.org>"
criteria = "safe-to-deploy"
delta = "0.1.44 -> 0.1.45"
aggregated-from = "https://hg.mozilla.org/mozilla-central/raw-file/tip/supply-chain/audits.toml"

[[audits.mozilla.audits.typenum]]
who = "Mike Hommey <mh+mozilla@glandium.org>"
criteria = "safe-to-deploy"
delta = "1.15.0 -> 1.16.0"
aggregated-from = "https://hg.mozilla.org/mozilla-central/raw-file/tip/supply-chain/audits.toml"

[[audits.mozilla.audits.unicode-normalization]]
who = "Mike Hommey <mh+mozilla@glandium.org>"
criteria = "safe-to-deploy"
delta = "0.1.19 -> 0.1.20"
notes = "I am the author of most of these changes upstream, and prepared the release myself, at which point I looked at the other changes since 0.1.19."
aggregated-from = "https://hg.mozilla.org/mozilla-central/raw-file/tip/supply-chain/audits.toml"

[[audits.mozilla.audits.unicode-normalization]]
who = "Mike Hommey <mh+mozilla@glandium.org>"
criteria = "safe-to-deploy"
delta = "0.1.20 -> 0.1.21"
aggregated-from = "https://hg.mozilla.org/mozilla-central/raw-file/tip/supply-chain/audits.toml"

[[audits.mozilla.audits.unicode-normalization]]
who = "Mike Hommey <mh+mozilla@glandium.org>"
criteria = "safe-to-deploy"
delta = "0.1.21 -> 0.1.22"
aggregated-from = "https://hg.mozilla.org/mozilla-central/raw-file/tip/supply-chain/audits.toml"
