{
  "spin_lock_version": 0,
  "metadata": {
    "name": "spin-hello-world-duplicate",
    "origin": "file://<root-dir>/insecure-allow-all-with-invalid-url.toml",
    "trigger": {
      "base": "/",
      "type": "http"
    },
    "version": "1.0.0"
  },
  "triggers": [
    {
      "id": "trigger--hello",
      "trigger_type": "http",
      "trigger_config": {
        "component": "hello",
        "executor": null,
        "route": "/hello"
      }
    }
  ],
  "components": [
    {
      "id": "hello",
      "metadata": {
        "ai_models": [],
        "allowed_http_hosts": [
          "insecure:allow-all",
          "random-data-api.fermyon.app"
        ],
        "databases": [],
        "key_value_stores": []
      },
      "source": {
        "content_type": "application/wasm",
        "source": "file://<root-dir>/path/to/wasm/file.wasm"
      }
    }
  ]
}