{
  "spin_lock_version": 0,
  "metadata": {
    "description": "A simple application that returns the number of lights",
    "name": "chain-of-command",
    "origin": "file://<root-dir>/valid-manifest.toml",
    "trigger": {
      "base": "/",
      "type": "http"
    },
    "version": "6.11.2"
  },
  "triggers": [
    {
      "id": "trigger--four-lights",
      "trigger_type": "http",
      "trigger_config": {
        "component": "four-lights",
        "executor": {
          "type": "spin"
        },
        "route": "/lights"
      }
    },
    {
      "id": "trigger--this used to test Bindle but is no longer used; kept around because some tests index into the component array",
      "trigger_type": "http",
      "trigger_config": {
        "component": "this used to test Bindle but is no longer used; kept around because some tests index into the component array",
        "executor": null,
        "route": "/test"
      }
    },
    {
      "id": "trigger--web",
      "trigger_type": "http",
      "trigger_config": {
        "component": "web",
        "executor": null,
        "route": "/dont/test"
      }
    }
  ],
  "components": [
    {
      "id": "four-lights",
      "metadata": {
        "ai_models": [],
        "allowed_http_hosts": [],
        "databases": [],
        "key_value_stores": []
      },
      "source": {
        "content_type": "application/wasm",
        "source": "file://<root-dir>/wasm/dummy.wasm"
      },
      "env": {
        "env1": "first",
        "env2": "second"
      },
      "files": [
        {
          "source": "file://<temp-dir>/assets/four-lights_7318449cb86f5233dcc7c8f0f8b5812f3aec6de0bd26d6ee4b1edadb817da337",
          "path": "/"
        }
      ]
    },
    {
      "id": "this used to test Bindle but is no longer used; kept around because some tests index into the component array",
      "metadata": {
        "ai_models": [],
        "allowed_http_hosts": [],
        "databases": [],
        "key_value_stores": []
      },
      "source": {
        "content_type": "application/wasm",
        "source": "file://<root-dir>/nope/nope/nope"
      }
    },
    {
      "id": "web",
      "metadata": {
        "ai_models": [],
        "allowed_http_hosts": [],
        "databases": [],
        "key_value_stores": []
      },
      "source": {
        "content_type": "application/wasm",
        "source": "file://<temp-dir>/web.wasm"
      }
    }
  ]
}